
Microsoft Visual Studio Solution File, Format Version 12.00
# Visual Studio Version 17
VisualStudioVersion = 17.7.34024.191
MinimumVisualStudioVersion = 10.0.40219.1
Project("{FAE04EC0-301F-11D3-BF4B-00C04F79EFBC}") = "MovieApp", "A\MovieApp.csproj", "{BE736C69-AAA3-4F8C-8F66-F51A971CDD56}"
EndProject
Global
	GlobalSection(SolutionConfigurationPlatforms) = preSolution
		Debug|Any CPU = Debug|Any CPU
		Release|Any CPU = Release|Any CPU
	EndGlobalSection
	GlobalSection(ProjectConfigurationPlatforms) = postSolution
		{BE736C69-AAA3-4F8C-8F66-F51A971CDD56}.Debug|Any CPU.ActiveCfg = Debug|Any CPU
		{BE736C69-AAA3-4F8C-8F66-F51A971CDD56}.Debug|Any CPU.Build.0 = Debug|Any CPU
		{BE736C69-AAA3-4F8C-8F66-F51A971CDD56}.Release|Any CPU.ActiveCfg = Release|Any CPU
		{BE736C69-AAA3-4F8C-8F66-F51A971CDD56}.Release|Any CPU.Build.0 = Release|Any CPU
	EndGlobalSection
	GlobalSection(SolutionProperties) = preSolution
		HideSolutionNode = FALSE
	EndGlobalSection
	GlobalSection(ExtensibilityGlobals) = postSolution
		SolutionGuid = {49377969-E177-4B17-994D-FEBD87C6BDF1}
	EndGlobalSection
EndGlobal
